
Microsoft Visual Studio Solution File, Format Version 12.00
# Visual Studio Version 16
VisualStudioVersion = 16.0.29020.237
MinimumVisualStudioVersion = 10.0.40219.1
Project("{FAE04EC0-301F-11D3-BF4B-00C04F79EFBC}") = "SmithyCraftings", "SmithyCraftings\SmithyCraftings.csproj", "{687505F8-F355-408A-AB16-4769B2658929}"
EndProject
Global
	GlobalSection(SolutionConfigurationPlatforms) = preSolution
		Debug|Any CPU = Debug|Any CPU
		Release|Any CPU = Release|Any CPU
	EndGlobalSection
	GlobalSection(ProjectConfigurationPlatforms) = postSolution
		{687505F8-F355-408A-AB16-4769B2658929}.Debug|Any CPU.ActiveCfg = Debug|Any CPU
		{687505F8-F355-408A-AB16-4769B2658929}.Debug|Any CPU.Build.0 = Debug|Any CPU
		{687505F8-F355-408A-AB16-4769B2658929}.Release|Any CPU.ActiveCfg = Release|Any CPU
		{687505F8-F355-408A-AB16-4769B2658929}.Release|Any CPU.Build.0 = Release|Any CPU
	EndGlobalSection
	GlobalSection(SolutionProperties) = preSolution
		HideSolutionNode = FALSE
	EndGlobalSection
	GlobalSection(ExtensibilityGlobals) = postSolution
		SolutionGuid = {347DFE5B-A6EE-4A91-968B-B0C5B6B7F74E}
	EndGlobalSection
EndGlobal
